PODS:
  - Flutter (1.0.0)
  - unico_check (1.0.2):
    - Flutter

DEPENDENCIES:
  - Flutter (from `Flutter`)
  - unico_check (from `.symlinks/plugins/unico_check/ios`)

EXTERNAL SOURCES:
  Flutter:
    :path: Flutter
  unico_check:
    :path: ".symlinks/plugins/unico_check/ios"

SPEC CHECKSUMS:
  Flutter: 434fef37c0980e73bb6479ef766c45957d4b510c
  unico_check: a62fc2b3b15e5cc0fa98957672c5a0e92d3d1759

PODFILE CHECKSUM: 765b9780ca1e29cb03c4f1888b8fb3f20ad8271f

COCOAPODS: 1.10.0
