PODS:
  - Flutter (1.0.0)
  - fluttertoast (0.0.2):
    - Flutter
    - Toast
  - Toast (4.0.0)
  - unico_check (2.0.2):
    - Flutter
    - unicocheck-ios (~> 2.3.9)
  - unicocheck-ios (2.3.9)

DEPENDENCIES:
  - Flutter (from `Flutter`)
  - fluttertoast (from `.symlinks/plugins/fluttertoast/ios`)
  - unico_check (from `.symlinks/plugins/unico_check/ios`)

SPEC REPOS:
  trunk:
    - Toast
    - unicocheck-ios

EXTERNAL SOURCES:
  Flutter:
    :path: Flutter
  fluttertoast:
    :path: ".symlinks/plugins/fluttertoast/ios"
  unico_check:
    :path: ".symlinks/plugins/unico_check/ios"

SPEC CHECKSUMS:
  Flutter: 50d75fe2f02b26cc09d224853bb45737f8b3214a
  fluttertoast: 16fbe6039d06a763f3533670197d01fc73459037
  Toast: 91b396c56ee72a5790816f40d3a94dd357abc196
  unico_check: 76025c3d30aa6e60aa7270f44b24e4cee6c676fa
  unicocheck-ios: 4dd28119a58bb0d89d083782f6cce8b3ab57cfc4

PODFILE CHECKSUM: 59f8de8f40bb382091a43991ef43c063d955e661

COCOAPODS: 1.11.3
